// !$*UTF8*$!
{
	archiveVersion = 1;
	classes = {
	};
	objectVersion = 77;
	objects = {

/* Begin PBXBuildFile section */
		147948DE666FFC70EA2A65A0 /* OverlayView.swift in Sources */ = {isa = PBXBuildFile; fileRef = A74883230443D7FDBA4794DC /* OverlayView.swift */; };
		19B2CD5BDA8A88B68FD0EAEA /* ReplayView.swift in Sources */ = {isa = PBXBuildFile; fileRef = 92C523EDBAE8290E6E82220F /* ReplayView.swift */; };
		1DBF4814F72C6547D7314141 /* TrackingEngine.swift in Sources */ = {isa = PBXBuildFile; fileRef = A0AB0B54E07A48924CECB402 /* TrackingEngine.swift */; };
		2BA2D15CA5333BD11326F879 /* ThermalManager.swift in Sources */ = {isa = PBXBuildFile; fileRef = 548AEEEF5623022528D3B9BC /* ThermalManager.swift */; };
		2DA8495A5A9DD9016D86081A /* SettingsStore.swift in Sources */ = {isa = PBXBuildFile; fileRef = 5A2B84CA3E410DA99E7D30EA /* SettingsStore.swift */; };
		3C6D7F739665DB02D308058C /* TrackerCamCore in Frameworks */ = {isa = PBXBuildFile; productRef = 2AF7B24869017CB2F7EDF629 /* TrackerCamCore */; };
		40A107DA7A2E457639E7D950 /* CameraViewModel.swift in Sources */ = {isa = PBXBuildFile; fileRef = 29D0F800A5F905D175907D96 /* CameraViewModel.swift */; };
		4629EC3E8C50E166645085A5 /* Localizable.xcstrings in Resources */ = {isa = PBXBuildFile; fileRef = E7FDE4AF183CBEBACBAC4432 /* Localizable.xcstrings */; };
		4BF367BE6CA47E1E159D606B /* Geometry+CoreGraphics.swift in Sources */ = {isa = PBXBuildFile; fileRef = 741ACBFDF07738B5B2F1C5F7 /* Geometry+CoreGraphics.swift */; };
		4F7AA5E0B9E87A2D44E9C56B /* CameraCapabilityTests.swift in Sources */ = {isa = PBXBuildFile; fileRef = 976243AA8EE646AE77771C54 /* CameraCapabilityTests.swift */; };
		4FFFEDA66C99F96302CD11D0 /* CameraView.swift in Sources */ = {isa = PBXBuildFile; fileRef = 1FF8671DCF3F0B3D56ED5944 /* CameraView.swift */; };
		530D9230A80D0176201BF46C /* PrivacyInfo.xcprivacy in Resources */ = {isa = PBXBuildFile; fileRef = 91157AAD3BCBF4FF6F14BB74 /* PrivacyInfo.xcprivacy */; };
		5B1B56F7077751390045F2DC /* CenteringMeter.swift in Sources */ = {isa = PBXBuildFile; fileRef = BEFE90496EC626B16D208019 /* CenteringMeter.swift */; };
		5FC42D0C1E2D6028CE1617E8 /* DetectionService.swift in Sources */ = {isa = PBXBuildFile; fileRef = 1075BAAE23507C186CDEE12E /* DetectionService.swift */; };
		616D2DFDCCDEDBC49995089A /* MetricsService.swift in Sources */ = {isa = PBXBuildFile; fileRef = F0170BB81D7A521A10733D9D /* MetricsService.swift */; };
		61C20C6AEB426D9A9F42667D /* SidecarPlayback.swift in Sources */ = {isa = PBXBuildFile; fileRef = 945DCC1F528C76BD80E3A8A3 /* SidecarPlayback.swift */; };
		6C8229D2FC823CCBDC11CBA9 /* TrackerCamApp.swift in Sources */ = {isa = PBXBuildFile; fileRef = E31DAEA00F4A4A23F19CD59E /* TrackerCamApp.swift */; };
		83220F89EF8BA5B8764100E7 /* PreviewGeometry.swift in Sources */ = {isa = PBXBuildFile; fileRef = B5687B193BFA9C6EDF6BA4ED /* PreviewGeometry.swift */; };
		897E14C4BDCBC09860AABE0D /* SettingsView.swift in Sources */ = {isa = PBXBuildFile; fileRef = 84E5615BCE79D74FD8C4564D /* SettingsView.swift */; };
		94BA686DC16052BD0FBA4AEB /* MiniMapView.swift in Sources */ = {isa = PBXBuildFile; fileRef = 6DE65B51EF3F9197875C4794 /* MiniMapView.swift */; };
		9A0F78A50985DA2EDCB3D77E /* CropShader.metal in Sources */ = {isa = PBXBuildFile; fileRef = CA73B230E3F8BD0135FE6ABF /* CropShader.metal */; };
		9D5396E5C6B1CBF1D0A4ABAF /* GridOverlayView.swift in Sources */ = {isa = PBXBuildFile; fileRef = 811D7C6117E9354DB2784D6F /* GridOverlayView.swift */; };
		B02EF94B3E57052E70788B51 /* Assets.xcassets in Resources */ = {isa = PBXBuildFile; fileRef = D906B993FB652152809EFA1C /* Assets.xcassets */; };
		B08CA7F623E53A05B414BA1F /* ReframePipeline.swift in Sources */ = {isa = PBXBuildFile; fileRef = 880FA74AA118DDADEE66C407 /* ReframePipeline.swift */; };
		B8CE3C1C6902922FEB933495 /* CropMetadataStreamWriter.swift in Sources */ = {isa = PBXBuildFile; fileRef = D8521D09405BA05AB6E94C6E /* CropMetadataStreamWriter.swift */; };
		C3CF68BA783ABFDC91CA5D58 /* CorrelationTracker.swift in Sources */ = {isa = PBXBuildFile; fileRef = D658993865C10161CA56CC4A /* CorrelationTracker.swift */; };
		C78674D428B6E29B53614E51 /* DebugHUDView.swift in Sources */ = {isa = PBXBuildFile; fileRef = DCC97B1F35DC7EDC2C3C97E4 /* DebugHUDView.swift */; };
		CAFA2CF63898C1D0509F92BA /* RecordingService.swift in Sources */ = {isa = PBXBuildFile; fileRef = E0ABF84FAC64BE19BBB21AC4 /* RecordingService.swift */; };
		CC682078ECD3CBD0B6045D8A /* FrameRouter.swift in Sources */ = {isa = PBXBuildFile; fileRef = A3B1EAF5219D944A7D98AF87 /* FrameRouter.swift */; };
		E1ED9A4CC67CC2870020B6F4 /* RecordingsView.swift in Sources */ = {isa = PBXBuildFile; fileRef = A9FF827FE583EA6811CF4F0B /* RecordingsView.swift */; };
		E9E5A41E8A2110737ABCF9DE /* SimulatorVideoFeeder.swift in Sources */ = {isa = PBXBuildFile; fileRef = 529D904A2A6B6D4651E4652F /* SimulatorVideoFeeder.swift */; };
		ED0B10E4891F3A208DEF8A11 /* OnboardingView.swift in Sources */ = {isa = PBXBuildFile; fileRef = E351BF54E95BEECA4B5D8B51 /* OnboardingView.swift */; };
		F4E302528430B53C17EF4E79 /* MetalPreviewView.swift in Sources */ = {isa = PBXBuildFile; fileRef = 3C0E2491471954DE635B579E /* MetalPreviewView.swift */; };
		F98C5657A2166E3D76610425 /* RecordingStore.swift in Sources */ = {isa = PBXBuildFile; fileRef = 661010AE9037A80E2C768216 /* RecordingStore.swift */; };
		FAAFC1E28A8AF48E4AB2B2BE /* SimulatorFixture.mov in Resources */ = {isa = PBXBuildFile; fileRef = C45DD0B331200F83757EB429 /* SimulatorFixture.mov */; };
		FBB97D9C7659CEEA9AD9EB16 /* CameraService.swift in Sources */ = {isa = PBXBuildFile; fileRef = 91CACA31FEC3972D2FF88E5E /* CameraService.swift */; };
/* End PBXBuildFile section */

/* Begin PBXContainerItemProxy section */
		23BE65E0CC13A60187BCC458 /* PBXContainerItemProxy */ = {
			isa = PBXContainerItemProxy;
			containerPortal = B47BDD09820A82D4F37E4936 /* Project object */;
			proxyType = 1;
			remoteGlobalIDString = 105702D005A163730A148FE6;
			remoteInfo = TrackerCam;
		};
/* End PBXContainerItemProxy section */

/* Begin PBXFileReference section */
		1075BAAE23507C186CDEE12E /* DetectionService.swift */ = {isa = PBXFileReference; lastKnownFileType = sourcecode.swift; path = DetectionService.swift; sourceTree = "<group>"; };
		1FF8671DCF3F0B3D56ED5944 /* CameraView.swift */ = {isa = PBXFileReference; lastKnownFileType = sourcecode.swift; path = CameraView.swift; sourceTree = "<group>"; };
		29D0F800A5F905D175907D96 /* CameraViewModel.swift */ = {isa = PBXFileReference; lastKnownFileType = sourcecode.swift; path = CameraViewModel.swift; sourceTree = "<group>"; };
		3243DE2C1554F5DDB9D37A2D /* TrackerCamCore */ = {isa = PBXFileReference; lastKnownFileType = folder; name = TrackerCamCore; path = TrackerCamCore; sourceTree = SOURCE_ROOT; };
		3C0E2491471954DE635B579E /* MetalPreviewView.swift */ = {isa = PBXFileReference; lastKnownFileType = sourcecode.swift; path = MetalPreviewView.swift; sourceTree = "<group>"; };
		529D904A2A6B6D4651E4652F /* SimulatorVideoFeeder.swift */ = {isa = PBXFileReference; lastKnownFileType = sourcecode.swift; path = SimulatorVideoFeeder.swift; sourceTree = "<group>"; };
		548AEEEF5623022528D3B9BC /* ThermalManager.swift */ = {isa = PBXFileReference; lastKnownFileType = sourcecode.swift; path = ThermalManager.swift; sourceTree = "<group>"; };
		5A2B84CA3E410DA99E7D30EA /* SettingsStore.swift */ = {isa = PBXFileReference; lastKnownFileType = sourcecode.swift; path = SettingsStore.swift; sourceTree = "<group>"; };
		661010AE9037A80E2C768216 /* RecordingStore.swift */ = {isa = PBXFileReference; lastKnownFileType = sourcecode.swift; path = RecordingStore.swift; sourceTree = "<group>"; };
		6DE65B51EF3F9197875C4794 /* MiniMapView.swift */ = {isa = PBXFileReference; lastKnownFileType = sourcecode.swift; path = MiniMapView.swift; sourceTree = "<group>"; };
		741ACBFDF07738B5B2F1C5F7 /* Geometry+CoreGraphics.swift */ = {isa = PBXFileReference; lastKnownFileType = sourcecode.swift; path = "Geometry+CoreGraphics.swift"; sourceTree = "<group>"; };
		811D7C6117E9354DB2784D6F /* GridOverlayView.swift */ = {isa = PBXFileReference; lastKnownFileType = sourcecode.swift; path = GridOverlayView.swift; sourceTree = "<group>"; };
		84E5615BCE79D74FD8C4564D /* SettingsView.swift */ = {isa = PBXFileReference; lastKnownFileType = sourcecode.swift; path = SettingsView.swift; sourceTree = "<group>"; };
		880FA74AA118DDADEE66C407 /* ReframePipeline.swift */ = {isa = PBXFileReference; lastKnownFileType = sourcecode.swift; path = ReframePipeline.swift; sourceTree = "<group>"; };
		907CD368107435FF0823E229 /* TrackerCam.entitlements */ = {isa = PBXFileReference; lastKnownFileType = text.plist.entitlements; path = TrackerCam.entitlements; sourceTree = "<group>"; };
		91157AAD3BCBF4FF6F14BB74 /* PrivacyInfo.xcprivacy */ = {isa = PBXFileReference; path = PrivacyInfo.xcprivacy; sourceTree = "<group>"; };
		91CACA31FEC3972D2FF88E5E /* CameraService.swift */ = {isa = PBXFileReference; lastKnownFileType = sourcecode.swift; path = CameraService.swift; sourceTree = "<group>"; };
		92C523EDBAE8290E6E82220F /* ReplayView.swift */ = {isa = PBXFileReference; lastKnownFileType = sourcecode.swift; path = ReplayView.swift; sourceTree = "<group>"; };
		945DCC1F528C76BD80E3A8A3 /* SidecarPlayback.swift */ = {isa = PBXFileReference; lastKnownFileType = sourcecode.swift; path = SidecarPlayback.swift; sourceTree = "<group>"; };
		976243AA8EE646AE77771C54 /* CameraCapabilityTests.swift */ = {isa = PBXFileReference; lastKnownFileType = sourcecode.swift; path = CameraCapabilityTests.swift; sourceTree = "<group>"; };
		A0AB0B54E07A48924CECB402 /* TrackingEngine.swift */ = {isa = PBXFileReference; lastKnownFileType = sourcecode.swift; path = TrackingEngine.swift; sourceTree = "<group>"; };
		A3781180FD716F5430F058B1 /* Info.plist */ = {isa = PBXFileReference; lastKnownFileType = text.plist; path = Info.plist; sourceTree = "<group>"; };
		A3B1EAF5219D944A7D98AF87 /* FrameRouter.swift */ = {isa = PBXFileReference; lastKnownFileType = sourcecode.swift; path = FrameRouter.swift; sourceTree = "<group>"; };
		A74883230443D7FDBA4794DC /* OverlayView.swift */ = {isa = PBXFileReference; lastKnownFileType = sourcecode.swift; path = OverlayView.swift; sourceTree = "<group>"; };
		A9FF827FE583EA6811CF4F0B /* RecordingsView.swift */ = {isa = PBXFileReference; lastKnownFileType = sourcecode.swift; path = RecordingsView.swift; sourceTree = "<group>"; };
		B5687B193BFA9C6EDF6BA4ED /* PreviewGeometry.swift */ = {isa = PBXFileReference; lastKnownFileType = sourcecode.swift; path = PreviewGeometry.swift; sourceTree = "<group>"; };
		BEFE90496EC626B16D208019 /* CenteringMeter.swift */ = {isa = PBXFileReference; lastKnownFileType = sourcecode.swift; path = CenteringMeter.swift; sourceTree = "<group>"; };
		C45DD0B331200F83757EB429 /* SimulatorFixture.mov */ = {isa = PBXFileReference; lastKnownFileType = video.quicktime; path = SimulatorFixture.mov; sourceTree = "<group>"; };
		C5395877FD4376AADEF82260 /* TrackerCamTests.xctest */ = {isa = PBXFileReference; includeInIndex = 0; lastKnownFileType = wrapper.cfbundle; path = TrackerCamTests.xctest; sourceTree = BUILT_PRODUCTS_DIR; };
		CA73B230E3F8BD0135FE6ABF /* CropShader.metal */ = {isa = PBXFileReference; lastKnownFileType = sourcecode.metal; path = CropShader.metal; sourceTree = "<group>"; };
		D658993865C10161CA56CC4A /* CorrelationTracker.swift */ = {isa = PBXFileReference; lastKnownFileType = sourcecode.swift; path = CorrelationTracker.swift; sourceTree = "<group>"; };
		D8521D09405BA05AB6E94C6E /* CropMetadataStreamWriter.swift */ = {isa = PBXFileReference; lastKnownFileType = sourcecode.swift; path = CropMetadataStreamWriter.swift; sourceTree = "<group>"; };
		D906B993FB652152809EFA1C /* Assets.xcassets */ = {isa = PBXFileReference; lastKnownFileType = folder.assetcatalog; path = Assets.xcassets; sourceTree = "<group>"; };
		DCC97B1F35DC7EDC2C3C97E4 /* DebugHUDView.swift */ = {isa = PBXFileReference; lastKnownFileType = sourcecode.swift; path = DebugHUDView.swift; sourceTree = "<group>"; };
		E0ABF84FAC64BE19BBB21AC4 /* RecordingService.swift */ = {isa = PBXFileReference; lastKnownFileType = sourcecode.swift; path = RecordingService.swift; sourceTree = "<group>"; };
		E31DAEA00F4A4A23F19CD59E /* TrackerCamApp.swift */ = {isa = PBXFileReference; lastKnownFileType = sourcecode.swift; path = TrackerCamApp.swift; sourceTree = "<group>"; };
		E351BF54E95BEECA4B5D8B51 /* OnboardingView.swift */ = {isa = PBXFileReference; lastKnownFileType = sourcecode.swift; path = OnboardingView.swift; sourceTree = "<group>"; };
		E7FDE4AF183CBEBACBAC4432 /* Localizable.xcstrings */ = {isa = PBXFileReference; lastKnownFileType = text.json.xcstrings; path = Localizable.xcstrings; sourceTree = "<group>"; };
		F0170BB81D7A521A10733D9D /* MetricsService.swift */ = {isa = PBXFileReference; lastKnownFileType = sourcecode.swift; path = MetricsService.swift; sourceTree = "<group>"; };
		F72914035665EC0F26C6608B /* TrackerCam.app */ = {isa = PBXFileReference; includeInIndex = 0; lastKnownFileType = wrapper.application; path = TrackerCam.app; sourceTree = BUILT_PRODUCTS_DIR; };
/* End PBXFileReference section */

/* Begin PBXFrameworksBuildPhase section */
		A9139528D957A37F0BA21732 /* Frameworks */ = {
			isa = PBXFrameworksBuildPhase;
			buildActionMask = 2147483647;
			files = (
				3C6D7F739665DB02D308058C /* TrackerCamCore in Frameworks */,
			);
			runOnlyForDeploymentPostprocessing = 0;
		};
/* End PBXFrameworksBuildPhase section */

/* Begin PBXGroup section */
		011ADA93760C194A35E4E43B /* Products */ = {
			isa = PBXGroup;
			children = (
				F72914035665EC0F26C6608B /* TrackerCam.app */,
				C5395877FD4376AADEF82260 /* TrackerCamTests.xctest */,
			);
			name = Products;
			sourceTree = "<group>";
		};
		05E763CFF2C698083A6EDF0C /* TrackerCamTests */ = {
			isa = PBXGroup;
			children = (
				976243AA8EE646AE77771C54 /* CameraCapabilityTests.swift */,
			);
			path = TrackerCamTests;
			sourceTree = "<group>";
		};
		1CC6FDE10AEA7A35310D4581 /* Support */ = {
			isa = PBXGroup;
			children = (
				741ACBFDF07738B5B2F1C5F7 /* Geometry+CoreGraphics.swift */,
				B5687B193BFA9C6EDF6BA4ED /* PreviewGeometry.swift */,
			);
			path = Support;
			sourceTree = "<group>";
		};
		2897CB0DC97F2866BD4EB936 /* Components */ = {
			isa = PBXGroup;
			children = (
				DCC97B1F35DC7EDC2C3C97E4 /* DebugHUDView.swift */,
				811D7C6117E9354DB2784D6F /* GridOverlayView.swift */,
				6DE65B51EF3F9197875C4794 /* MiniMapView.swift */,
				A74883230443D7FDBA4794DC /* OverlayView.swift */,
			);
			path = Components;
			sourceTree = "<group>";
		};
		29C5A0ECAEA8F1424F52EE3C /* Recording */ = {
			isa = PBXGroup;
			children = (
				D8521D09405BA05AB6E94C6E /* CropMetadataStreamWriter.swift */,
				E0ABF84FAC64BE19BBB21AC4 /* RecordingService.swift */,
				661010AE9037A80E2C768216 /* RecordingStore.swift */,
				A9FF827FE583EA6811CF4F0B /* RecordingsView.swift */,
				92C523EDBAE8290E6E82220F /* ReplayView.swift */,
				945DCC1F528C76BD80E3A8A3 /* SidecarPlayback.swift */,
			);
			path = Recording;
			sourceTree = "<group>";
		};
		407C07102F8D3CCFD9E63D88 /* Camera */ = {
			isa = PBXGroup;
			children = (
				1FF8671DCF3F0B3D56ED5944 /* CameraView.swift */,
				29D0F800A5F905D175907D96 /* CameraViewModel.swift */,
				3C0E2491471954DE635B579E /* MetalPreviewView.swift */,
				2897CB0DC97F2866BD4EB936 /* Components */,
			);
			path = Camera;
			sourceTree = "<group>";
		};
		64482D4703F6C769A1BCA956 /* App */ = {
			isa = PBXGroup;
			children = (
				A3781180FD716F5430F058B1 /* Info.plist */,
				91157AAD3BCBF4FF6F14BB74 /* PrivacyInfo.xcprivacy */,
				907CD368107435FF0823E229 /* TrackerCam.entitlements */,
				E31DAEA00F4A4A23F19CD59E /* TrackerCamApp.swift */,
			);
			path = App;
			sourceTree = "<group>";
		};
		6CE5B2AF56B9CF148AB7E9CE /* Settings */ = {
			isa = PBXGroup;
			children = (
				5A2B84CA3E410DA99E7D30EA /* SettingsStore.swift */,
				84E5615BCE79D74FD8C4564D /* SettingsView.swift */,
			);
			path = Settings;
			sourceTree = "<group>";
		};
		72CCD76D3EF3971BFBAF73B9 /* Features */ = {
			isa = PBXGroup;
			children = (
				407C07102F8D3CCFD9E63D88 /* Camera */,
				F842AA0DB8BB6B61889D271D /* Onboarding */,
				29C5A0ECAEA8F1424F52EE3C /* Recording */,
				91AC3C9B2EAADA9F18D7F476 /* Reframe */,
				6CE5B2AF56B9CF148AB7E9CE /* Settings */,
				D7E87AE6012ADF5869CEAD6D /* Tracking */,
			);
			path = Features;
			sourceTree = "<group>";
		};
		91AC3C9B2EAADA9F18D7F476 /* Reframe */ = {
			isa = PBXGroup;
			children = (
				880FA74AA118DDADEE66C407 /* ReframePipeline.swift */,
				9EAD873F501027BBBCE6AA84 /* Shaders */,
			);
			path = Reframe;
			sourceTree = "<group>";
		};
		9EAD873F501027BBBCE6AA84 /* Shaders */ = {
			isa = PBXGroup;
			children = (
				CA73B230E3F8BD0135FE6ABF /* CropShader.metal */,
			);
			path = Shaders;
			sourceTree = "<group>";
		};
		A36B18CEC25B8851F144EA98 /* Diagnostics */ = {
			isa = PBXGroup;
			children = (
				F0170BB81D7A521A10733D9D /* MetricsService.swift */,
			);
			path = Diagnostics;
			sourceTree = "<group>";
		};
		A6289B8D90B330B4DE9CCE09 /* Services */ = {
			isa = PBXGroup;
			children = (
				91CACA31FEC3972D2FF88E5E /* CameraService.swift */,
				A3B1EAF5219D944A7D98AF87 /* FrameRouter.swift */,
				529D904A2A6B6D4651E4652F /* SimulatorVideoFeeder.swift */,
				548AEEEF5623022528D3B9BC /* ThermalManager.swift */,
			);
			path = Services;
			sourceTree = "<group>";
		};
		A80DBE0912694F4B68C1D425 /* Packages */ = {
			isa = PBXGroup;
			children = (
				3243DE2C1554F5DDB9D37A2D /* TrackerCamCore */,
			);
			name = Packages;
			sourceTree = "<group>";
		};
		B5D24774153B1898D939A874 /* Resources */ = {
			isa = PBXGroup;
			children = (
				D906B993FB652152809EFA1C /* Assets.xcassets */,
				E7FDE4AF183CBEBACBAC4432 /* Localizable.xcstrings */,
				C45DD0B331200F83757EB429 /* SimulatorFixture.mov */,
			);
			path = Resources;
			sourceTree = "<group>";
		};
		CA83E3B964B41C05058AE8F2 /* TrackerCam */ = {
			isa = PBXGroup;
			children = (
				64482D4703F6C769A1BCA956 /* App */,
				A36B18CEC25B8851F144EA98 /* Diagnostics */,
				72CCD76D3EF3971BFBAF73B9 /* Features */,
				B5D24774153B1898D939A874 /* Resources */,
				A6289B8D90B330B4DE9CCE09 /* Services */,
				1CC6FDE10AEA7A35310D4581 /* Support */,
			);
			path = TrackerCam;
			sourceTree = "<group>";
		};
		D08DD4C614F84E3BD2DF6A5D = {
			isa = PBXGroup;
			children = (
				A80DBE0912694F4B68C1D425 /* Packages */,
				CA83E3B964B41C05058AE8F2 /* TrackerCam */,
				05E763CFF2C698083A6EDF0C /* TrackerCamTests */,
				011ADA93760C194A35E4E43B /* Products */,
			);
			sourceTree = "<group>";
		};
		D7E87AE6012ADF5869CEAD6D /* Tracking */ = {
			isa = PBXGroup;
			children = (
				BEFE90496EC626B16D208019 /* CenteringMeter.swift */,
				D658993865C10161CA56CC4A /* CorrelationTracker.swift */,
				1075BAAE23507C186CDEE12E /* DetectionService.swift */,
				A0AB0B54E07A48924CECB402 /* TrackingEngine.swift */,
			);
			path = Tracking;
			sourceTree = "<group>";
		};
		F842AA0DB8BB6B61889D271D /* Onboarding */ = {
			isa = PBXGroup;
			children = (
				E351BF54E95BEECA4B5D8B51 /* OnboardingView.swift */,
			);
			path = Onboarding;
			sourceTree = "<group>";
		};
/* End PBXGroup section */

/* Begin PBXNativeTarget section */
		105702D005A163730A148FE6 /* TrackerCam */ = {
			isa = PBXNativeTarget;
			buildConfigurationList = 9EDE1C20BFEB5103E11E51C3 /* Build configuration list for PBXNativeTarget "TrackerCam" */;
			buildPhases = (
				60FBE7A201886994B5AF4103 /* Sources */,
				75BB04FCEEA1121F718B005B /* Resources */,
				A9139528D957A37F0BA21732 /* Frameworks */,
			);
			buildRules = (
			);
			dependencies = (
			);
			name = TrackerCam;
			packageProductDependencies = (
				2AF7B24869017CB2F7EDF629 /* TrackerCamCore */,
			);
			productName = TrackerCam;
			productReference = F72914035665EC0F26C6608B /* TrackerCam.app */;
			productType = "com.apple.product-type.application";
		};
		A285DB3C3CE480049F2E1D42 /* TrackerCamTests */ = {
			isa = PBXNativeTarget;
			buildConfigurationList = 8713BD1DC387C32763B0E38E /* Build configuration list for PBXNativeTarget "TrackerCamTests" */;
			buildPhases = (
				B339D9897595D789C2910897 /* Sources */,
			);
			buildRules = (
			);
			dependencies = (
				B5AC4168F5C0B632089B5024 /* PBXTargetDependency */,
			);
			name = TrackerCamTests;
			packageProductDependencies = (
			);
			productName = TrackerCamTests;
			productReference = C5395877FD4376AADEF82260 /* TrackerCamTests.xctest */;
			productType = "com.apple.product-type.bundle.unit-test";
		};
/* End PBXNativeTarget section */

/* Begin PBXProject section */
		B47BDD09820A82D4F37E4936 /* Project object */ = {
			isa = PBXProject;
			attributes = {
				BuildIndependentTargetsInParallel = YES;
				LastUpgradeCheck = 1430;
				TargetAttributes = {
					105702D005A163730A148FE6 = {
						DevelopmentTeam = DZNC8GD6WJ;
						ProvisioningStyle = Automatic;
					};
					A285DB3C3CE480049F2E1D42 = {
						DevelopmentTeam = DZNC8GD6WJ;
						ProvisioningStyle = Automatic;
					};
				};
			};
			buildConfigurationList = 659D92024A12BDE35F996448 /* Build configuration list for PBXProject "TrackerCam" */;
			developmentRegion = en;
			hasScannedForEncodings = 0;
			knownRegions = (
				Base,
				en,
			);
			mainGroup = D08DD4C614F84E3BD2DF6A5D;
			minimizedProjectReferenceProxies = 1;
			packageReferences = (
				F68BB566E4728B82CF8ED011 /* XCLocalSwiftPackageReference "TrackerCamCore" */,
			);
			preferredProjectObjectVersion = 77;
			productRefGroup = 011ADA93760C194A35E4E43B /* Products */;
			projectDirPath = "";
			projectRoot = "";
			targets = (
				105702D005A163730A148FE6 /* TrackerCam */,
				A285DB3C3CE480049F2E1D42 /* TrackerCamTests */,
			);
		};
/* End PBXProject section */

/* Begin PBXResourcesBuildPhase section */
		75BB04FCEEA1121F718B005B /* Resources */ = {
			isa = PBXResourcesBuildPhase;
			buildActionMask = 2147483647;
			files = (
				B02EF94B3E57052E70788B51 /* Assets.xcassets in Resources */,
				4629EC3E8C50E166645085A5 /* Localizable.xcstrings in Resources */,
				530D9230A80D0176201BF46C /* PrivacyInfo.xcprivacy in Resources */,
				FAAFC1E28A8AF48E4AB2B2BE /* SimulatorFixture.mov in Resources */,
			);
			runOnlyForDeploymentPostprocessing = 0;
		};
/* End PBXResourcesBuildPhase section */

/* Begin PBXSourcesBuildPhase section */
		60FBE7A201886994B5AF4103 /* Sources */ = {
			isa = PBXSourcesBuildPhase;
			buildActionMask = 2147483647;
			files = (
				FBB97D9C7659CEEA9AD9EB16 /* CameraService.swift in Sources */,
				4FFFEDA66C99F96302CD11D0 /* CameraView.swift in Sources */,
				40A107DA7A2E457639E7D950 /* CameraViewModel.swift in Sources */,
				5B1B56F7077751390045F2DC /* CenteringMeter.swift in Sources */,
				C3CF68BA783ABFDC91CA5D58 /* CorrelationTracker.swift in Sources */,
				B8CE3C1C6902922FEB933495 /* CropMetadataStreamWriter.swift in Sources */,
				9A0F78A50985DA2EDCB3D77E /* CropShader.metal in Sources */,
				C78674D428B6E29B53614E51 /* DebugHUDView.swift in Sources */,
				5FC42D0C1E2D6028CE1617E8 /* DetectionService.swift in Sources */,
				CC682078ECD3CBD0B6045D8A /* FrameRouter.swift in Sources */,
				4BF367BE6CA47E1E159D606B /* Geometry+CoreGraphics.swift in Sources */,
				9D5396E5C6B1CBF1D0A4ABAF /* GridOverlayView.swift in Sources */,
				F4E302528430B53C17EF4E79 /* MetalPreviewView.swift in Sources */,
				616D2DFDCCDEDBC49995089A /* MetricsService.swift in Sources */,
				94BA686DC16052BD0FBA4AEB /* MiniMapView.swift in Sources */,
				ED0B10E4891F3A208DEF8A11 /* OnboardingView.swift in Sources */,
				147948DE666FFC70EA2A65A0 /* OverlayView.swift in Sources */,
				83220F89EF8BA5B8764100E7 /* PreviewGeometry.swift in Sources */,
				CAFA2CF63898C1D0509F92BA /* RecordingService.swift in Sources */,
				F98C5657A2166E3D76610425 /* RecordingStore.swift in Sources */,
				E1ED9A4CC67CC2870020B6F4 /* RecordingsView.swift in Sources */,
				B08CA7F623E53A05B414BA1F /* ReframePipeline.swift in Sources */,
				19B2CD5BDA8A88B68FD0EAEA /* ReplayView.swift in Sources */,
				2DA8495A5A9DD9016D86081A /* SettingsStore.swift in Sources */,
				897E14C4BDCBC09860AABE0D /* SettingsView.swift in Sources */,
				61C20C6AEB426D9A9F42667D /* SidecarPlayback.swift in Sources */,
				E9E5A41E8A2110737ABCF9DE /* SimulatorVideoFeeder.swift in Sources */,
				2BA2D15CA5333BD11326F879 /* ThermalManager.swift in Sources */,
				6C8229D2FC823CCBDC11CBA9 /* TrackerCamApp.swift in Sources */,
				1DBF4814F72C6547D7314141 /* TrackingEngine.swift in Sources */,
			);
			runOnlyForDeploymentPostprocessing = 0;
		};
		B339D9897595D789C2910897 /* Sources */ = {
			isa = PBXSourcesBuildPhase;
			buildActionMask = 2147483647;
			files = (
				4F7AA5E0B9E87A2D44E9C56B /* CameraCapabilityTests.swift in Sources */,
			);
			runOnlyForDeploymentPostprocessing = 0;
		};
/* End PBXSourcesBuildPhase section */

/* Begin PBXTargetDependency section */
		B5AC4168F5C0B632089B5024 /* PBXTargetDependency */ = {
			isa = PBXTargetDependency;
			target = 105702D005A163730A148FE6 /* TrackerCam */;
			targetProxy = 23BE65E0CC13A60187BCC458 /* PBXContainerItemProxy */;
		};
/* End PBXTargetDependency section */

/* Begin XCBuildConfiguration section */
		18877153C1533A86BBF7763B /* Release */ = {
			isa = XCBuildConfiguration;
			buildSettings = {
				ALWAYS_SEARCH_USER_PATHS = NO;
				CLANG_ANALYZER_NONNULL = YES;
				CLANG_ANALYZER_NUMBER_OBJECT_CONVERSION = YES_AGGRESSIVE;
				CLANG_CXX_LANGUAGE_STANDARD = "gnu++14";
				CLANG_CXX_LIBRARY = "libc++";
				CLANG_ENABLE_MODULES = YES;
				CLANG_ENABLE_OBJC_ARC = YES;
				CLANG_ENABLE_OBJC_WEAK = YES;
				CLANG_WARN_BLOCK_CAPTURE_AUTORELEASING = YES;
				CLANG_WARN_BOOL_CONVERSION = YES;
				CLANG_WARN_COMMA = YES;
				CLANG_WARN_CONSTANT_CONVERSION = YES;
				CLANG_WARN_DEPRECATED_OBJC_IMPLEMENTATIONS = YES;
				CLANG_WARN_DIRECT_OBJC_ISA_USAGE = YES_ERROR;
				CLANG_WARN_DOCUMENTATION_COMMENTS = YES;
				CLANG_WARN_EMPTY_BODY = YES;
				CLANG_WARN_ENUM_CONVERSION = YES;
				CLANG_WARN_INFINITE_RECURSION = YES;
				CLANG_WARN_INT_CONVERSION = YES;
				CLANG_WARN_NON_LITERAL_NULL_CONVERSION = YES;
				CLANG_WARN_OBJC_IMPLICIT_RETAIN_SELF = YES;
				CLANG_WARN_OBJC_LITERAL_CONVERSION = YES;
				CLANG_WARN_OBJC_ROOT_CLASS = YES_ERROR;
				CLANG_WARN_QUOTED_INCLUDE_IN_FRAMEWORK_HEADER = YES;
				CLANG_WARN_RANGE_LOOP_ANALYSIS = YES;
				CLANG_WARN_STRICT_PROTOTYPES = YES;
				CLANG_WARN_SUSPICIOUS_MOVE = YES;
				CLANG_WARN_UNGUARDED_AVAILABILITY = YES_AGGRESSIVE;
				CLANG_WARN_UNREACHABLE_CODE = YES;
				CLANG_WARN__DUPLICATE_METHOD_MATCH = YES;
				COPY_PHASE_STRIP = NO;
				CURRENT_PROJECT_VERSION = 1;
				DEBUG_INFORMATION_FORMAT = "dwarf-with-dsym";
				DEVELOPMENT_LANGUAGE = en;
				ENABLE_NS_ASSERTIONS = NO;
				ENABLE_STRICT_OBJC_MSGSEND = YES;
				ENABLE_USER_SCRIPT_SANDBOXING = YES;
				GCC_C_LANGUAGE_STANDARD = gnu11;
				GCC_NO_COMMON_BLOCKS = YES;
				GCC_WARN_64_TO_32_BIT_CONVERSION = YES;
				GCC_WARN_ABOUT_RETURN_TYPE = YES_ERROR;
				GCC_WARN_UNDECLARED_SELECTOR = YES;
				GCC_WARN_UNINITIALIZED_AUTOS = YES_AGGRESSIVE;
				GCC_WARN_UNUSED_FUNCTION = YES;
				GCC_WARN_UNUSED_VARIABLE = YES;
				IPHONEOS_DEPLOYMENT_TARGET = 26.0;
				MARKETING_VERSION = 0.1.0;
				MTL_ENABLE_DEBUG_INFO = NO;
				MTL_FAST_MATH = YES;
				PRODUCT_NAME = "$(TARGET_NAME)";
				SDKROOT = iphoneos;
				SWIFT_COMPILATION_MODE = wholemodule;
				SWIFT_OPTIMIZATION_LEVEL = "-O";
				SWIFT_STRICT_CONCURRENCY = complete;
				SWIFT_VERSION = 6.0;
			};
			name = Release;
		};
		4EF3270AA1B0A8E8B3CABD33 /* Debug */ = {
			isa = XCBuildConfiguration;
			buildSettings = {
				BUNDLE_LOADER = "$(TEST_HOST)";
				CODE_SIGN_STYLE = Automatic;
				DEVELOPMENT_TEAM = DZNC8GD6WJ;
				GENERATE_INFOPLIST_FILE = YES;
				IPHONEOS_DEPLOYMENT_TARGET = 26.0;
				LD_RUNPATH_SEARCH_PATHS = (
					"$(inherited)",
					"@executable_path/Frameworks",
					"@loader_path/Frameworks",
				);
				PRODUCT_BUNDLE_IDENTIFIER = com.trackercam.TrackerCamTests;
				SDKROOT = iphoneos;
				TARGETED_DEVICE_FAMILY = "1,2";
				TEST_HOST = "$(BUILT_PRODUCTS_DIR)/TrackerCam.app/TrackerCam";
			};
			name = Debug;
		};
		79BFB0888FBB96000F89EA51 /* Release */ = {
			isa = XCBuildConfiguration;
			buildSettings = {
				BUNDLE_LOADER = "$(TEST_HOST)";
				CODE_SIGN_STYLE = Automatic;
				DEVELOPMENT_TEAM = DZNC8GD6WJ;
				GENERATE_INFOPLIST_FILE = YES;
				IPHONEOS_DEPLOYMENT_TARGET = 26.0;
				LD_RUNPATH_SEARCH_PATHS = (
					"$(inherited)",
					"@executable_path/Frameworks",
					"@loader_path/Frameworks",
				);
				PRODUCT_BUNDLE_IDENTIFIER = com.trackercam.TrackerCamTests;
				SDKROOT = iphoneos;
				TARGETED_DEVICE_FAMILY = "1,2";
				TEST_HOST = "$(BUILT_PRODUCTS_DIR)/TrackerCam.app/TrackerCam";
			};
			name = Release;
		};
		7DC164668A6532693770D9A6 /* Debug */ = {
			isa = XCBuildConfiguration;
			buildSettings = {
				ASSETCATALOG_COMPILER_APPICON_NAME = AppIcon;
				CODE_SIGN_ENTITLEMENTS = TrackerCam/App/TrackerCam.entitlements;
				CODE_SIGN_IDENTITY = "iPhone Developer";
				CODE_SIGN_STYLE = Automatic;
				DEVELOPMENT_TEAM = DZNC8GD6WJ;
				INFOPLIST_FILE = TrackerCam/App/Info.plist;
				IPHONEOS_DEPLOYMENT_TARGET = 26.0;
				LD_RUNPATH_SEARCH_PATHS = (
					"$(inherited)",
					"@executable_path/Frameworks",
				);
				PRODUCT_BUNDLE_IDENTIFIER = com.trackercam.app;
				SDKROOT = iphoneos;
				TARGETED_DEVICE_FAMILY = 1;
			};
			name = Debug;
		};
		C104F7CA1268C8F3918AAF6C /* Release */ = {
			isa = XCBuildConfiguration;
			buildSettings = {
				ASSETCATALOG_COMPILER_APPICON_NAME = AppIcon;
				CODE_SIGN_ENTITLEMENTS = TrackerCam/App/TrackerCam.entitlements;
				CODE_SIGN_IDENTITY = "iPhone Developer";
				CODE_SIGN_STYLE = Automatic;
				DEVELOPMENT_TEAM = DZNC8GD6WJ;
				INFOPLIST_FILE = TrackerCam/App/Info.plist;
				IPHONEOS_DEPLOYMENT_TARGET = 26.0;
				LD_RUNPATH_SEARCH_PATHS = (
					"$(inherited)",
					"@executable_path/Frameworks",
				);
				PRODUCT_BUNDLE_IDENTIFIER = com.trackercam.app;
				SDKROOT = iphoneos;
				TARGETED_DEVICE_FAMILY = 1;
			};
			name = Release;
		};
		DC8BBBE3D592F9F9059D3CB7 /* Debug */ = {
			isa = XCBuildConfiguration;
			buildSettings = {
				ALWAYS_SEARCH_USER_PATHS = NO;
				CLANG_ANALYZER_NONNULL = YES;
				CLANG_ANALYZER_NUMBER_OBJECT_CONVERSION = YES_AGGRESSIVE;
				CLANG_CXX_LANGUAGE_STANDARD = "gnu++14";
				CLANG_CXX_LIBRARY = "libc++";
				CLANG_ENABLE_MODULES = YES;
				CLANG_ENABLE_OBJC_ARC = YES;
				CLANG_ENABLE_OBJC_WEAK = YES;
				CLANG_WARN_BLOCK_CAPTURE_AUTORELEASING = YES;
				CLANG_WARN_BOOL_CONVERSION = YES;
				CLANG_WARN_COMMA = YES;
				CLANG_WARN_CONSTANT_CONVERSION = YES;
				CLANG_WARN_DEPRECATED_OBJC_IMPLEMENTATIONS = YES;
				CLANG_WARN_DIRECT_OBJC_ISA_USAGE = YES_ERROR;
				CLANG_WARN_DOCUMENTATION_COMMENTS = YES;
				CLANG_WARN_EMPTY_BODY = YES;
				CLANG_WARN_ENUM_CONVERSION = YES;
				CLANG_WARN_INFINITE_RECURSION = YES;
				CLANG_WARN_INT_CONVERSION = YES;
				CLANG_WARN_NON_LITERAL_NULL_CONVERSION = YES;
				CLANG_WARN_OBJC_IMPLICIT_RETAIN_SELF = YES;
				CLANG_WARN_OBJC_LITERAL_CONVERSION = YES;
				CLANG_WARN_OBJC_ROOT_CLASS = YES_ERROR;
				CLANG_WARN_QUOTED_INCLUDE_IN_FRAMEWORK_HEADER = YES;
				CLANG_WARN_RANGE_LOOP_ANALYSIS = YES;
				CLANG_WARN_STRICT_PROTOTYPES = YES;
				CLANG_WARN_SUSPICIOUS_MOVE = YES;
				CLANG_WARN_UNGUARDED_AVAILABILITY = YES_AGGRESSIVE;
				CLANG_WARN_UNREACHABLE_CODE = YES;
				CLANG_WARN__DUPLICATE_METHOD_MATCH = YES;
				COPY_PHASE_STRIP = NO;
				CURRENT_PROJECT_VERSION = 1;
				DEBUG_INFORMATION_FORMAT = dwarf;
				DEVELOPMENT_LANGUAGE = en;
				ENABLE_STRICT_OBJC_MSGSEND = YES;
				ENABLE_TESTABILITY = YES;
				ENABLE_USER_SCRIPT_SANDBOXING = YES;
				GCC_C_LANGUAGE_STANDARD = gnu11;
				GCC_DYNAMIC_NO_PIC = NO;
				GCC_NO_COMMON_BLOCKS = YES;
				GCC_OPTIMIZATION_LEVEL = 0;
				GCC_PREPROCESSOR_DEFINITIONS = (
					"$(inherited)",
					"DEBUG=1",
				);
				GCC_WARN_64_TO_32_BIT_CONVERSION = YES;
				GCC_WARN_ABOUT_RETURN_TYPE = YES_ERROR;
				GCC_WARN_UNDECLARED_SELECTOR = YES;
				GCC_WARN_UNINITIALIZED_AUTOS = YES_AGGRESSIVE;
				GCC_WARN_UNUSED_FUNCTION = YES;
				GCC_WARN_UNUSED_VARIABLE = YES;
				IPHONEOS_DEPLOYMENT_TARGET = 26.0;
				MARKETING_VERSION = 0.1.0;
				MTL_ENABLE_DEBUG_INFO = INCLUDE_SOURCE;
				MTL_FAST_MATH = YES;
				ONLY_ACTIVE_ARCH = YES;
				PRODUCT_NAME = "$(TARGET_NAME)";
				SDKROOT = iphoneos;
				SWIFT_ACTIVE_COMPILATION_CONDITIONS = DEBUG;
				SWIFT_OPTIMIZATION_LEVEL = "-Onone";
				SWIFT_STRICT_CONCURRENCY = complete;
				SWIFT_VERSION = 6.0;
			};
			name = Debug;
		};
/* End XCBuildConfiguration section */

/* Begin XCConfigurationList section */
		659D92024A12BDE35F996448 /* Build configuration list for PBXProject "TrackerCam" */ = {
			isa = XCConfigurationList;
			buildConfigurations = (
				DC8BBBE3D592F9F9059D3CB7 /* Debug */,
				18877153C1533A86BBF7763B /* Release */,
			);
			defaultConfigurationIsVisible = 0;
			defaultConfigurationName = Debug;
		};
		8713BD1DC387C32763B0E38E /* Build configuration list for PBXNativeTarget "TrackerCamTests" */ = {
			isa = XCConfigurationList;
			buildConfigurations = (
				4EF3270AA1B0A8E8B3CABD33 /* Debug */,
				79BFB0888FBB96000F89EA51 /* Release */,
			);
			defaultConfigurationIsVisible = 0;
			defaultConfigurationName = Debug;
		};
		9EDE1C20BFEB5103E11E51C3 /* Build configuration list for PBXNativeTarget "TrackerCam" */ = {
			isa = XCConfigurationList;
			buildConfigurations = (
				7DC164668A6532693770D9A6 /* Debug */,
				C104F7CA1268C8F3918AAF6C /* Release */,
			);
			defaultConfigurationIsVisible = 0;
			defaultConfigurationName = Debug;
		};
/* End XCConfigurationList section */

/* Begin XCLocalSwiftPackageReference section */
		F68BB566E4728B82CF8ED011 /* XCLocalSwiftPackageReference "TrackerCamCore" */ = {
			isa = XCLocalSwiftPackageReference;
			relativePath = TrackerCamCore;
		};
/* End XCLocalSwiftPackageReference section */

/* Begin XCSwiftPackageProductDependency section */
		2AF7B24869017CB2F7EDF629 /* TrackerCamCore */ = {
			isa = XCSwiftPackageProductDependency;
			productName = TrackerCamCore;
		};
/* End XCSwiftPackageProductDependency section */
	};
	rootObject = B47BDD09820A82D4F37E4936 /* Project object */;
}
