// !$*UTF8*$!
{
	archiveVersion = 1;
	classes = {
	};
	objectVersion = 77;
	objects = {

/* Begin PBXBuildFile section */
		147948DE666FFC70EA2A65A0 /* OverlayView.swift in Sources */ = {isa = PBXBuildFile; fileRef = A74883230443D7FDBA4794DC /* OverlayView.swift */; };
		1DBF4814F72C6547D7314141 /* TrackingEngine.swift in Sources */ = {isa = PBXBuildFile; fileRef = A0AB0B54E07A48924CECB402 /* TrackingEngine.swift */; };
		2BA2D15CA5333BD11326F879 /* ThermalManager.swift in Sources */ = {isa = PBXBuildFile; fileRef = 548AEEEF5623022528D3B9BC /* ThermalManager.swift */; };
		2DA8495A5A9DD9016D86081A /* SettingsStore.swift in Sources */ = {isa = PBXBuildFile; fileRef = 5A2B84CA3E410DA99E7D30EA /* SettingsStore.swift */; };
		3C6D7F739665DB02D308058C /* TrackerCamCore in Frameworks */ = {isa = PBXBuildFile; productRef = 2AF7B24869017CB2F7EDF629 /* TrackerCamCore */; };
		40A107DA7A2E457639E7D950 /* CameraViewModel.swift in Sources */ = {isa = PBXBuildFile; fileRef = 29D0F800A5F905D175907D96 /* CameraViewModel.swift */; };
		4BF367BE6CA47E1E159D606B /* Geometry+CoreGraphics.swift in Sources */ = {isa = PBXBuildFile; fileRef = 741ACBFDF07738B5B2F1C5F7 /* Geometry+CoreGraphics.swift */; };
		4FFFEDA66C99F96302CD11D0 /* CameraView.swift in Sources */ = {isa = PBXBuildFile; fileRef = 1FF8671DCF3F0B3D56ED5944 /* CameraView.swift */; };
		5FC42D0C1E2D6028CE1617E8 /* DetectionService.swift in Sources */ = {isa = PBXBuildFile; fileRef = 1075BAAE23507C186CDEE12E /* DetectionService.swift */; };
		6C8229D2FC823CCBDC11CBA9 /* TrackerCamApp.swift in Sources */ = {isa = PBXBuildFile; fileRef = E31DAEA00F4A4A23F19CD59E /* TrackerCamApp.swift */; };
		897E14C4BDCBC09860AABE0D /* SettingsView.swift in Sources */ = {isa = PBXBuildFile; fileRef = 84E5615BCE79D74FD8C4564D /* SettingsView.swift */; };
		94BA686DC16052BD0FBA4AEB /* MiniMapView.swift in Sources */ = {isa = PBXBuildFile; fileRef = 6DE65B51EF3F9197875C4794 /* MiniMapView.swift */; };
		9A0F78A50985DA2EDCB3D77E /* CropShader.metal in Sources */ = {isa = PBXBuildFile; fileRef = CA73B230E3F8BD0135FE6ABF /* CropShader.metal */; };
		B02EF94B3E57052E70788B51 /* Assets.xcassets in Resources */ = {isa = PBXBuildFile; fileRef = D906B993FB652152809EFA1C /* Assets.xcassets */; };
		B08CA7F623E53A05B414BA1F /* ReframePipeline.swift in Sources */ = {isa = PBXBuildFile; fileRef = 880FA74AA118DDADEE66C407 /* ReframePipeline.swift */; };
		CAFA2CF63898C1D0509F92BA /* RecordingService.swift in Sources */ = {isa = PBXBuildFile; fileRef = E0ABF84FAC64BE19BBB21AC4 /* RecordingService.swift */; };
		CC682078ECD3CBD0B6045D8A /* FrameRouter.swift in Sources */ = {isa = PBXBuildFile; fileRef = A3B1EAF5219D944A7D98AF87 /* FrameRouter.swift */; };
		ED0B10E4891F3A208DEF8A11 /* OnboardingView.swift in Sources */ = {isa = PBXBuildFile; fileRef = E351BF54E95BEECA4B5D8B51 /* OnboardingView.swift */; };
		F4E302528430B53C17EF4E79 /* MetalPreviewView.swift in Sources */ = {isa = PBXBuildFile; fileRef = 3C0E2491471954DE635B579E /* MetalPreviewView.swift */; };
		F98C5657A2166E3D76610425 /* RecordingStore.swift in Sources */ = {isa = PBXBuildFile; fileRef = 661010AE9037A80E2C768216 /* RecordingStore.swift */; };
		FBB97D9C7659CEEA9AD9EB16 /* CameraService.swift in Sources */ = {isa = PBXBuildFile; fileRef = 91CACA31FEC3972D2FF88E5E /* CameraService.swift */; };
/* End PBXBuildFile section */

/* Begin PBXFileReference section */
		1075BAAE23507C186CDEE12E /* DetectionService.swift */ = {isa = PBXFileReference; lastKnownFileType = sourcecode.swift; path = DetectionService.swift; sourceTree = "<group>"; };
		1FF8671DCF3F0B3D56ED5944 /* CameraView.swift */ = {isa = PBXFileReference; lastKnownFileType = sourcecode.swift; path = CameraView.swift; sourceTree = "<group>"; };
		29D0F800A5F905D175907D96 /* CameraViewModel.swift */ = {isa = PBXFileReference; lastKnownFileType = sourcecode.swift; path = CameraViewModel.swift; sourceTree = "<group>"; };
		3243DE2C1554F5DDB9D37A2D /* TrackerCamCore */ = {isa = PBXFileReference; lastKnownFileType = folder; name = TrackerCamCore; path = TrackerCamCore; sourceTree = SOURCE_ROOT; };
		3C0E2491471954DE635B579E /* MetalPreviewView.swift */ = {isa = PBXFileReference; lastKnownFileType = sourcecode.swift; path = MetalPreviewView.swift; sourceTree = "<group>"; };
		548AEEEF5623022528D3B9BC /* ThermalManager.swift */ = {isa = PBXFileReference; lastKnownFileType = sourcecode.swift; path = ThermalManager.swift; sourceTree = "<group>"; };
		5A2B84CA3E410DA99E7D30EA /* SettingsStore.swift */ = {isa = PBXFileReference; lastKnownFileType = sourcecode.swift; path = SettingsStore.swift; sourceTree = "<group>"; };
		661010AE9037A80E2C768216 /* RecordingStore.swift */ = {isa = PBXFileReference; lastKnownFileType = sourcecode.swift; path = RecordingStore.swift; sourceTree = "<group>"; };
		6DE65B51EF3F9197875C4794 /* MiniMapView.swift */ = {isa = PBXFileReference; lastKnownFileType = sourcecode.swift; path = MiniMapView.swift; sourceTree = "<group>"; };
		741ACBFDF07738B5B2F1C5F7 /* Geometry+CoreGraphics.swift */ = {isa = PBXFileReference; lastKnownFileType = sourcecode.swift; path = "Geometry+CoreGraphics.swift"; sourceTree = "<group>"; };
		84E5615BCE79D74FD8C4564D /* SettingsView.swift */ = {isa = PBXFileReference; lastKnownFileType = sourcecode.swift; path = SettingsView.swift; sourceTree = "<group>"; };
		880FA74AA118DDADEE66C407 /* ReframePipeline.swift */ = {isa = PBXFileReference; lastKnownFileType = sourcecode.swift; path = ReframePipeline.swift; sourceTree = "<group>"; };
		907CD368107435FF0823E229 /* TrackerCam.entitlements */ = {isa = PBXFileReference; lastKnownFileType = text.plist.entitlements; path = TrackerCam.entitlements; sourceTree = "<group>"; };
		91CACA31FEC3972D2FF88E5E /* CameraService.swift */ = {isa = PBXFileReference; lastKnownFileType = sourcecode.swift; path = CameraService.swift; sourceTree = "<group>"; };
		A0AB0B54E07A48924CECB402 /* TrackingEngine.swift */ = {isa = PBXFileReference; lastKnownFileType = sourcecode.swift; path = TrackingEngine.swift; sourceTree = "<group>"; };
		A3781180FD716F5430F058B1 /* Info.plist */ = {isa = PBXFileReference; lastKnownFileType = text.plist; path = Info.plist; sourceTree = "<group>"; };
		A3B1EAF5219D944A7D98AF87 /* FrameRouter.swift */ = {isa = PBXFileReference; lastKnownFileType = sourcecode.swift; path = FrameRouter.swift; sourceTree = "<group>"; };
		A74883230443D7FDBA4794DC /* OverlayView.swift */ = {isa = PBXFileReference; lastKnownFileType = sourcecode.swift; path = OverlayView.swift; sourceTree = "<group>"; };
		CA73B230E3F8BD0135FE6ABF /* CropShader.metal */ = {isa = PBXFileReference; lastKnownFileType = sourcecode.metal; path = CropShader.metal; sourceTree = "<group>"; };
		D906B993FB652152809EFA1C /* Assets.xcassets */ = {isa = PBXFileReference; lastKnownFileType = folder.assetcatalog; path = Assets.xcassets; sourceTree = "<group>"; };
		E0ABF84FAC64BE19BBB21AC4 /* RecordingService.swift */ = {isa = PBXFileReference; lastKnownFileType = sourcecode.swift; path = RecordingService.swift; sourceTree = "<group>"; };
		E31DAEA00F4A4A23F19CD59E /* TrackerCamApp.swift */ = {isa = PBXFileReference; lastKnownFileType = sourcecode.swift; path = TrackerCamApp.swift; sourceTree = "<group>"; };
		E351BF54E95BEECA4B5D8B51 /* OnboardingView.swift */ = {isa = PBXFileReference; lastKnownFileType = sourcecode.swift; path = OnboardingView.swift; sourceTree = "<group>"; };
		F72914035665EC0F26C6608B /* TrackerCam.app */ = {isa = PBXFileReference; includeInIndex = 0; lastKnownFileType = wrapper.application; path = TrackerCam.app; sourceTree = BUILT_PRODUCTS_DIR; };
/* End PBXFileReference section */

/* Begin PBXFrameworksBuildPhase section */
		A9139528D957A37F0BA21732 /* Frameworks */ = {
			isa = PBXFrameworksBuildPhase;
			buildActionMask = 2147483647;
			files = (
				3C6D7F739665DB02D308058C /* TrackerCamCore in Frameworks */,
			);
			runOnlyForDeploymentPostprocessing = 0;
		};
/* End PBXFrameworksBuildPhase section */

/* Begin PBXGroup section */
		011ADA93760C194A35E4E43B /* Products */ = {
			isa = PBXGroup;
			children = (
				F72914035665EC0F26C6608B /* TrackerCam.app */,
			);
			name = Products;
			sourceTree = "<group>";
		};
		1CC6FDE10AEA7A35310D4581 /* Support */ = {
			isa = PBXGroup;
			children = (
				741ACBFDF07738B5B2F1C5F7 /* Geometry+CoreGraphics.swift */,
			);
			path = Support;
			sourceTree = "<group>";
		};
		2897CB0DC97F2866BD4EB936 /* Components */ = {
			isa = PBXGroup;
			children = (
				6DE65B51EF3F9197875C4794 /* MiniMapView.swift */,
				A74883230443D7FDBA4794DC /* OverlayView.swift */,
			);
			path = Components;
			sourceTree = "<group>";
		};
		29C5A0ECAEA8F1424F52EE3C /* Recording */ = {
			isa = PBXGroup;
			children = (
				E0ABF84FAC64BE19BBB21AC4 /* RecordingService.swift */,
				661010AE9037A80E2C768216 /* RecordingStore.swift */,
			);
			path = Recording;
			sourceTree = "<group>";
		};
		407C07102F8D3CCFD9E63D88 /* Camera */ = {
			isa = PBXGroup;
			children = (
				1FF8671DCF3F0B3D56ED5944 /* CameraView.swift */,
				29D0F800A5F905D175907D96 /* CameraViewModel.swift */,
				3C0E2491471954DE635B579E /* MetalPreviewView.swift */,
				2897CB0DC97F2866BD4EB936 /* Components */,
			);
			path = Camera;
			sourceTree = "<group>";
		};
		64482D4703F6C769A1BCA956 /* App */ = {
			isa = PBXGroup;
			children = (
				A3781180FD716F5430F058B1 /* Info.plist */,
				907CD368107435FF0823E229 /* TrackerCam.entitlements */,
				E31DAEA00F4A4A23F19CD59E /* TrackerCamApp.swift */,
			);
			path = App;
			sourceTree = "<group>";
		};
		6CE5B2AF56B9CF148AB7E9CE /* Settings */ = {
			isa = PBXGroup;
			children = (
				5A2B84CA3E410DA99E7D30EA /* SettingsStore.swift */,
				84E5615BCE79D74FD8C4564D /* SettingsView.swift */,
			);
			path = Settings;
			sourceTree = "<group>";
		};
		72CCD76D3EF3971BFBAF73B9 /* Features */ = {
			isa = PBXGroup;
			children = (
				407C07102F8D3CCFD9E63D88 /* Camera */,
				F842AA0DB8BB6B61889D271D /* Onboarding */,
				29C5A0ECAEA8F1424F52EE3C /* Recording */,
				91AC3C9B2EAADA9F18D7F476 /* Reframe */,
				6CE5B2AF56B9CF148AB7E9CE /* Settings */,
				D7E87AE6012ADF5869CEAD6D /* Tracking */,
			);
			path = Features;
			sourceTree = "<group>";
		};
		91AC3C9B2EAADA9F18D7F476 /* Reframe */ = {
			isa = PBXGroup;
			children = (
				880FA74AA118DDADEE66C407 /* ReframePipeline.swift */,
				9EAD873F501027BBBCE6AA84 /* Shaders */,
			);
			path = Reframe;
			sourceTree = "<group>";
		};
		9EAD873F501027BBBCE6AA84 /* Shaders */ = {
			isa = PBXGroup;
			children = (
				CA73B230E3F8BD0135FE6ABF /* CropShader.metal */,
			);
			path = Shaders;
			sourceTree = "<group>";
		};
		A6289B8D90B330B4DE9CCE09 /* Services */ = {
			isa = PBXGroup;
			children = (
				91CACA31FEC3972D2FF88E5E /* CameraService.swift */,
				A3B1EAF5219D944A7D98AF87 /* FrameRouter.swift */,
				548AEEEF5623022528D3B9BC /* ThermalManager.swift */,
			);
			path = Services;
			sourceTree = "<group>";
		};
		A80DBE0912694F4B68C1D425 /* Packages */ = {
			isa = PBXGroup;
			children = (
				3243DE2C1554F5DDB9D37A2D /* TrackerCamCore */,
			);
			name = Packages;
			sourceTree = "<group>";
		};
		B5D24774153B1898D939A874 /* Resources */ = {
			isa = PBXGroup;
			children = (
				D906B993FB652152809EFA1C /* Assets.xcassets */,
			);
			path = Resources;
			sourceTree = "<group>";
		};
		CA83E3B964B41C05058AE8F2 /* TrackerCam */ = {
			isa = PBXGroup;
			children = (
				64482D4703F6C769A1BCA956 /* App */,
				72CCD76D3EF3971BFBAF73B9 /* Features */,
				B5D24774153B1898D939A874 /* Resources */,
				A6289B8D90B330B4DE9CCE09 /* Services */,
				1CC6FDE10AEA7A35310D4581 /* Support */,
			);
			path = TrackerCam;
			sourceTree = "<group>";
		};
		D08DD4C614F84E3BD2DF6A5D = {
			isa = PBXGroup;
			children = (
				A80DBE0912694F4B68C1D425 /* Packages */,
				CA83E3B964B41C05058AE8F2 /* TrackerCam */,
				011ADA93760C194A35E4E43B /* Products */,
			);
			sourceTree = "<group>";
		};
		D7E87AE6012ADF5869CEAD6D /* Tracking */ = {
			isa = PBXGroup;
			children = (
				1075BAAE23507C186CDEE12E /* DetectionService.swift */,
				A0AB0B54E07A48924CECB402 /* TrackingEngine.swift */,
			);
			path = Tracking;
			sourceTree = "<group>";
		};
		F842AA0DB8BB6B61889D271D /* Onboarding */ = {
			isa = PBXGroup;
			children = (
				E351BF54E95BEECA4B5D8B51 /* OnboardingView.swift */,
			);
			path = Onboarding;
			sourceTree = "<group>";
		};
/* End PBXGroup section */

/* Begin PBXNativeTarget section */
		105702D005A163730A148FE6 /* TrackerCam */ = {
			isa = PBXNativeTarget;
			buildConfigurationList = 9EDE1C20BFEB5103E11E51C3 /* Build configuration list for PBXNativeTarget "TrackerCam" */;
			buildPhases = (
				60FBE7A201886994B5AF4103 /* Sources */,
				75BB04FCEEA1121F718B005B /* Resources */,
				A9139528D957A37F0BA21732 /* Frameworks */,
			);
			buildRules = (
			);
			dependencies = (
			);
			name = TrackerCam;
			packageProductDependencies = (
				2AF7B24869017CB2F7EDF629 /* TrackerCamCore */,
			);
			productName = TrackerCam;
			productReference = F72914035665EC0F26C6608B /* TrackerCam.app */;
			productType = "com.apple.product-type.application";
		};
/* End PBXNativeTarget section */

/* Begin PBXProject section */
		B47BDD09820A82D4F37E4936 /* Project object */ = {
			isa = PBXProject;
			attributes = {
				BuildIndependentTargetsInParallel = YES;
				LastUpgradeCheck = 1430;
				TargetAttributes = {
				};
			};
			buildConfigurationList = 659D92024A12BDE35F996448 /* Build configuration list for PBXProject "TrackerCam" */;
			developmentRegion = en;
			hasScannedForEncodings = 0;
			knownRegions = (
				Base,
				en,
			);
			mainGroup = D08DD4C614F84E3BD2DF6A5D;
			minimizedProjectReferenceProxies = 1;
			packageReferences = (
				F68BB566E4728B82CF8ED011 /* XCLocalSwiftPackageReference "TrackerCamCore" */,
			);
			preferredProjectObjectVersion = 77;
			productRefGroup = 011ADA93760C194A35E4E43B /* Products */;
			projectDirPath = "";
			projectRoot = "";
			targets = (
				105702D005A163730A148FE6 /* TrackerCam */,
			);
		};
/* End PBXProject section */

/* Begin PBXResourcesBuildPhase section */
		75BB04FCEEA1121F718B005B /* Resources */ = {
			isa = PBXResourcesBuildPhase;
			buildActionMask = 2147483647;
			files = (
				B02EF94B3E57052E70788B51 /* Assets.xcassets in Resources */,
			);
			runOnlyForDeploymentPostprocessing = 0;
		};
/* End PBXResourcesBuildPhase section */

/* Begin PBXSourcesBuildPhase section */
		60FBE7A201886994B5AF4103 /* Sources */ = {
			isa = PBXSourcesBuildPhase;
			buildActionMask = 2147483647;
			files = (
				FBB97D9C7659CEEA9AD9EB16 /* CameraService.swift in Sources */,
				4FFFEDA66C99F96302CD11D0 /* CameraView.swift in Sources */,
				40A107DA7A2E457639E7D950 /* CameraViewModel.swift in Sources */,
				9A0F78A50985DA2EDCB3D77E /* CropShader.metal in Sources */,
				5FC42D0C1E2D6028CE1617E8 /* DetectionService.swift in Sources */,
				CC682078ECD3CBD0B6045D8A /* FrameRouter.swift in Sources */,
				4BF367BE6CA47E1E159D606B /* Geometry+CoreGraphics.swift in Sources */,
				F4E302528430B53C17EF4E79 /* MetalPreviewView.swift in Sources */,
				94BA686DC16052BD0FBA4AEB /* MiniMapView.swift in Sources */,
				ED0B10E4891F3A208DEF8A11 /* OnboardingView.swift in Sources */,
				147948DE666FFC70EA2A65A0 /* OverlayView.swift in Sources */,
				CAFA2CF63898C1D0509F92BA /* RecordingService.swift in Sources */,
				F98C5657A2166E3D76610425 /* RecordingStore.swift in Sources */,
				B08CA7F623E53A05B414BA1F /* ReframePipeline.swift in Sources */,
				2DA8495A5A9DD9016D86081A /* SettingsStore.swift in Sources */,
				897E14C4BDCBC09860AABE0D /* SettingsView.swift in Sources */,
				2BA2D15CA5333BD11326F879 /* ThermalManager.swift in Sources */,
				6C8229D2FC823CCBDC11CBA9 /* TrackerCamApp.swift in Sources */,
				1DBF4814F72C6547D7314141 /* TrackingEngine.swift in Sources */,
			);
			runOnlyForDeploymentPostprocessing = 0;
		};
/* End PBXSourcesBuildPhase section */

/* Begin XCBuildConfiguration section */
		18877153C1533A86BBF7763B /* Release */ = {
			isa = XCBuildConfiguration;
			buildSettings = {
				ALWAYS_SEARCH_USER_PATHS = NO;
				CLANG_ANALYZER_NONNULL = YES;
				CLANG_ANALYZER_NUMBER_OBJECT_CONVERSION = YES_AGGRESSIVE;
				CLANG_CXX_LANGUAGE_STANDARD = "gnu++14";
				CLANG_CXX_LIBRARY = "libc++";
				CLANG_ENABLE_MODULES = YES;
				CLANG_ENABLE_OBJC_ARC = YES;
				CLANG_ENABLE_OBJC_WEAK = YES;
				CLANG_WARN_BLOCK_CAPTURE_AUTORELEASING = YES;
				CLANG_WARN_BOOL_CONVERSION = YES;
				CLANG_WARN_COMMA = YES;
				CLANG_WARN_CONSTANT_CONVERSION = YES;
				CLANG_WARN_DEPRECATED_OBJC_IMPLEMENTATIONS = YES;
				CLANG_WARN_DIRECT_OBJC_ISA_USAGE = YES_ERROR;
				CLANG_WARN_DOCUMENTATION_COMMENTS = YES;
				CLANG_WARN_EMPTY_BODY = YES;
				CLANG_WARN_ENUM_CONVERSION = YES;
				CLANG_WARN_INFINITE_RECURSION = YES;
				CLANG_WARN_INT_CONVERSION = YES;
				CLANG_WARN_NON_LITERAL_NULL_CONVERSION = YES;
				CLANG_WARN_OBJC_IMPLICIT_RETAIN_SELF = YES;
				CLANG_WARN_OBJC_LITERAL_CONVERSION = YES;
				CLANG_WARN_OBJC_ROOT_CLASS = YES_ERROR;
				CLANG_WARN_QUOTED_INCLUDE_IN_FRAMEWORK_HEADER = YES;
				CLANG_WARN_RANGE_LOOP_ANALYSIS = YES;
				CLANG_WARN_STRICT_PROTOTYPES = YES;
				CLANG_WARN_SUSPICIOUS_MOVE = YES;
				CLANG_WARN_UNGUARDED_AVAILABILITY = YES_AGGRESSIVE;
				CLANG_WARN_UNREACHABLE_CODE = YES;
				CLANG_WARN__DUPLICATE_METHOD_MATCH = YES;
				COPY_PHASE_STRIP = NO;
				CURRENT_PROJECT_VERSION = 1;
				DEBUG_INFORMATION_FORMAT = "dwarf-with-dsym";
				DEVELOPMENT_LANGUAGE = en;
				ENABLE_NS_ASSERTIONS = NO;
				ENABLE_STRICT_OBJC_MSGSEND = YES;
				ENABLE_USER_SCRIPT_SANDBOXING = YES;
				GCC_C_LANGUAGE_STANDARD = gnu11;
				GCC_NO_COMMON_BLOCKS = YES;
				GCC_WARN_64_TO_32_BIT_CONVERSION = YES;
				GCC_WARN_ABOUT_RETURN_TYPE = YES_ERROR;
				GCC_WARN_UNDECLARED_SELECTOR = YES;
				GCC_WARN_UNINITIALIZED_AUTOS = YES_AGGRESSIVE;
				GCC_WARN_UNUSED_FUNCTION = YES;
				GCC_WARN_UNUSED_VARIABLE = YES;
				IPHONEOS_DEPLOYMENT_TARGET = 26.0;
				MARKETING_VERSION = 0.1.0;
				MTL_ENABLE_DEBUG_INFO = NO;
				MTL_FAST_MATH = YES;
				PRODUCT_NAME = "$(TARGET_NAME)";
				SDKROOT = iphoneos;
				SWIFT_COMPILATION_MODE = wholemodule;
				SWIFT_OPTIMIZATION_LEVEL = "-O";
				SWIFT_STRICT_CONCURRENCY = complete;
				SWIFT_VERSION = 6.0;
			};
			name = Release;
		};
		7DC164668A6532693770D9A6 /* Debug */ = {
			isa = XCBuildConfiguration;
			buildSettings = {
				ASSETCATALOG_COMPILER_APPICON_NAME = AppIcon;
				CODE_SIGN_ENTITLEMENTS = TrackerCam/App/TrackerCam.entitlements;
				CODE_SIGN_IDENTITY = "iPhone Developer";
				INFOPLIST_FILE = TrackerCam/App/Info.plist;
				INFOPLIST_KEY_UIApplicationSceneManifest_Generation = YES;
				INFOPLIST_KEY_UILaunchScreen_Generation = YES;
				INFOPLIST_KEY_UISupportedInterfaceOrientations = "UIInterfaceOrientationLandscapeRight UIInterfaceOrientationLandscapeLeft UIInterfaceOrientationPortrait";
				IPHONEOS_DEPLOYMENT_TARGET = 26.0;
				LD_RUNPATH_SEARCH_PATHS = (
					"$(inherited)",
					"@executable_path/Frameworks",
				);
				PRODUCT_BUNDLE_IDENTIFIER = com.trackercam.app;
				SDKROOT = iphoneos;
				TARGETED_DEVICE_FAMILY = 1;
			};
			name = Debug;
		};
		C104F7CA1268C8F3918AAF6C /* Release */ = {
			isa = XCBuildConfiguration;
			buildSettings = {
				ASSETCATALOG_COMPILER_APPICON_NAME = AppIcon;
				CODE_SIGN_ENTITLEMENTS = TrackerCam/App/TrackerCam.entitlements;
				CODE_SIGN_IDENTITY = "iPhone Developer";
				INFOPLIST_FILE = TrackerCam/App/Info.plist;
				INFOPLIST_KEY_UIApplicationSceneManifest_Generation = YES;
				INFOPLIST_KEY_UILaunchScreen_Generation = YES;
				INFOPLIST_KEY_UISupportedInterfaceOrientations = "UIInterfaceOrientationLandscapeRight UIInterfaceOrientationLandscapeLeft UIInterfaceOrientationPortrait";
				IPHONEOS_DEPLOYMENT_TARGET = 26.0;
				LD_RUNPATH_SEARCH_PATHS = (
					"$(inherited)",
					"@executable_path/Frameworks",
				);
				PRODUCT_BUNDLE_IDENTIFIER = com.trackercam.app;
				SDKROOT = iphoneos;
				TARGETED_DEVICE_FAMILY = 1;
			};
			name = Release;
		};
		DC8BBBE3D592F9F9059D3CB7 /* Debug */ = {
			isa = XCBuildConfiguration;
			buildSettings = {
				ALWAYS_SEARCH_USER_PATHS = NO;
				CLANG_ANALYZER_NONNULL = YES;
				CLANG_ANALYZER_NUMBER_OBJECT_CONVERSION = YES_AGGRESSIVE;
				CLANG_CXX_LANGUAGE_STANDARD = "gnu++14";
				CLANG_CXX_LIBRARY = "libc++";
				CLANG_ENABLE_MODULES = YES;
				CLANG_ENABLE_OBJC_ARC = YES;
				CLANG_ENABLE_OBJC_WEAK = YES;
				CLANG_WARN_BLOCK_CAPTURE_AUTORELEASING = YES;
				CLANG_WARN_BOOL_CONVERSION = YES;
				CLANG_WARN_COMMA = YES;
				CLANG_WARN_CONSTANT_CONVERSION = YES;
				CLANG_WARN_DEPRECATED_OBJC_IMPLEMENTATIONS = YES;
				CLANG_WARN_DIRECT_OBJC_ISA_USAGE = YES_ERROR;
				CLANG_WARN_DOCUMENTATION_COMMENTS = YES;
				CLANG_WARN_EMPTY_BODY = YES;
				CLANG_WARN_ENUM_CONVERSION = YES;
				CLANG_WARN_INFINITE_RECURSION = YES;
				CLANG_WARN_INT_CONVERSION = YES;
				CLANG_WARN_NON_LITERAL_NULL_CONVERSION = YES;
				CLANG_WARN_OBJC_IMPLICIT_RETAIN_SELF = YES;
				CLANG_WARN_OBJC_LITERAL_CONVERSION = YES;
				CLANG_WARN_OBJC_ROOT_CLASS = YES_ERROR;
				CLANG_WARN_QUOTED_INCLUDE_IN_FRAMEWORK_HEADER = YES;
				CLANG_WARN_RANGE_LOOP_ANALYSIS = YES;
				CLANG_WARN_STRICT_PROTOTYPES = YES;
				CLANG_WARN_SUSPICIOUS_MOVE = YES;
				CLANG_WARN_UNGUARDED_AVAILABILITY = YES_AGGRESSIVE;
				CLANG_WARN_UNREACHABLE_CODE = YES;
				CLANG_WARN__DUPLICATE_METHOD_MATCH = YES;
				COPY_PHASE_STRIP = NO;
				CURRENT_PROJECT_VERSION = 1;
				DEBUG_INFORMATION_FORMAT = dwarf;
				DEVELOPMENT_LANGUAGE = en;
				ENABLE_STRICT_OBJC_MSGSEND = YES;
				ENABLE_TESTABILITY = YES;
				ENABLE_USER_SCRIPT_SANDBOXING = YES;
				GCC_C_LANGUAGE_STANDARD = gnu11;
				GCC_DYNAMIC_NO_PIC = NO;
				GCC_NO_COMMON_BLOCKS = YES;
				GCC_OPTIMIZATION_LEVEL = 0;
				GCC_PREPROCESSOR_DEFINITIONS = (
					"$(inherited)",
					"DEBUG=1",
				);
				GCC_WARN_64_TO_32_BIT_CONVERSION = YES;
				GCC_WARN_ABOUT_RETURN_TYPE = YES_ERROR;
				GCC_WARN_UNDECLARED_SELECTOR = YES;
				GCC_WARN_UNINITIALIZED_AUTOS = YES_AGGRESSIVE;
				GCC_WARN_UNUSED_FUNCTION = YES;
				GCC_WARN_UNUSED_VARIABLE = YES;
				IPHONEOS_DEPLOYMENT_TARGET = 26.0;
				MARKETING_VERSION = 0.1.0;
				MTL_ENABLE_DEBUG_INFO = INCLUDE_SOURCE;
				MTL_FAST_MATH = YES;
				ONLY_ACTIVE_ARCH = YES;
				PRODUCT_NAME = "$(TARGET_NAME)";
				SDKROOT = iphoneos;
				SWIFT_ACTIVE_COMPILATION_CONDITIONS = DEBUG;
				SWIFT_OPTIMIZATION_LEVEL = "-Onone";
				SWIFT_STRICT_CONCURRENCY = complete;
				SWIFT_VERSION = 6.0;
			};
			name = Debug;
		};
/* End XCBuildConfiguration section */

/* Begin XCConfigurationList section */
		659D92024A12BDE35F996448 /* Build configuration list for PBXProject "TrackerCam" */ = {
			isa = XCConfigurationList;
			buildConfigurations = (
				DC8BBBE3D592F9F9059D3CB7 /* Debug */,
				18877153C1533A86BBF7763B /* Release */,
			);
			defaultConfigurationIsVisible = 0;
			defaultConfigurationName = Debug;
		};
		9EDE1C20BFEB5103E11E51C3 /* Build configuration list for PBXNativeTarget "TrackerCam" */ = {
			isa = XCConfigurationList;
			buildConfigurations = (
				7DC164668A6532693770D9A6 /* Debug */,
				C104F7CA1268C8F3918AAF6C /* Release */,
			);
			defaultConfigurationIsVisible = 0;
			defaultConfigurationName = Debug;
		};
/* End XCConfigurationList section */

/* Begin XCLocalSwiftPackageReference section */
		F68BB566E4728B82CF8ED011 /* XCLocalSwiftPackageReference "TrackerCamCore" */ = {
			isa = XCLocalSwiftPackageReference;
			relativePath = TrackerCamCore;
		};
/* End XCLocalSwiftPackageReference section */

/* Begin XCSwiftPackageProductDependency section */
		2AF7B24869017CB2F7EDF629 /* TrackerCamCore */ = {
			isa = XCSwiftPackageProductDependency;
			productName = TrackerCamCore;
		};
/* End XCSwiftPackageProductDependency section */
	};
	rootObject = B47BDD09820A82D4F37E4936 /* Project object */;
}
